<?xml version="1.0" encoding="UTF-8"?>
<CodeBlocks_project_file>
	<FileVersion major="1" minor="6"/>
	<Project>
		<Option title="lib3ds"/>
		<Option makefile_is_custom="1"/>
		<Option compiler="gcc"/>
		<Option virtualFolders="CMake Files\;CMake Files\ext\;CMake Files\ext\nanogui\;CMake Files\ext\nanogui\ext\;CMake Files\ext\nanogui\ext\glfw\;CMake Files\ext\nanogui\ext\glfw\CMake\;CMake Files\ext\nanogui\ext\glfw\CMake\modules\;CMake Files\ext\nanogui\ext\glfw\src\;CMake Files\ext\lib3ds\;CMake Files\ext\lib3ds\src\;CMake Files\ext\lodepng\;CMake Files\ext\tinyobjloader\;"/>
		<Build>
			<Target title="all">
				<Option working_dir="/autofs/netapp/travail/awolski/M2_S9/SyntImage/tp1/build-sia_td1-Desktop-Défaut/ext_build/lib3ds"/>
				<Option type="4"/>
				<MakeCommands>
					<Build command="/usr/bin/make -j8 -f &quot;/autofs/netapp/travail/awolski/M2_S9/SyntImage/tp1/build-sia_td1-Desktop-Défaut/ext_build/lib3ds/Makefile&quot;  VERBOSE=1 all"/>
					<CompileFile command="/usr/bin/make -j8 -f &quot;/autofs/netapp/travail/awolski/M2_S9/SyntImage/tp1/build-sia_td1-Desktop-Défaut/ext_build/lib3ds/Makefile&quot;  VERBOSE=1 &quot;$file&quot;"/>
					<Clean command="/usr/bin/make -j8 -f &quot;/autofs/netapp/travail/awolski/M2_S9/SyntImage/tp1/build-sia_td1-Desktop-Défaut/ext_build/lib3ds/Makefile&quot;  VERBOSE=1 clean"/>
					<DistClean command="/usr/bin/make -j8 -f &quot;/autofs/netapp/travail/awolski/M2_S9/SyntImage/tp1/build-sia_td1-Desktop-Défaut/ext_build/lib3ds/Makefile&quot;  VERBOSE=1 clean"/>
				</MakeCommands>
			</Target>
			<Target title="lib3ds">
				<Option output="/autofs/netapp/travail/awolski/M2_S9/SyntImage/tp1/build-sia_td1-Desktop-Défaut/ext_build/lib3ds/src/liblib3ds.a" prefix_auto="0" extension_auto="0"/>
				<Option working_dir="/autofs/netapp/travail/awolski/M2_S9/SyntImage/tp1/build-sia_td1-Desktop-Défaut/ext_build/lib3ds/src"/>
				<Option object_output="./"/>
				<Option type="2"/>
				<Option compiler="gcc"/>
				<Compiler>
					<Add directory="/usr/include/c++/6"/>
					<Add directory="/usr/include/x86_64-linux-gnu/c++/6"/>
					<Add directory="/usr/include/c++/6/backward"/>
					<Add directory="/usr/lib/gcc/x86_64-linux-gnu/6/include"/>
					<Add directory="/usr/local/include"/>
					<Add directory="/usr/lib/gcc/x86_64-linux-gnu/6/include-fixed"/>
					<Add directory="/usr/include/x86_64-linux-gnu"/>
					<Add directory="/usr/include"/>
				</Compiler>
				<MakeCommands>
					<Build command="/usr/bin/make -j8 -f &quot;/autofs/netapp/travail/awolski/M2_S9/SyntImage/tp1/build-sia_td1-Desktop-Défaut/ext_build/lib3ds/src/Makefile&quot;  VERBOSE=1 lib3ds"/>
					<CompileFile command="/usr/bin/make -j8 -f &quot;/autofs/netapp/travail/awolski/M2_S9/SyntImage/tp1/build-sia_td1-Desktop-Défaut/ext_build/lib3ds/src/Makefile&quot;  VERBOSE=1 &quot;$file&quot;"/>
					<Clean command="/usr/bin/make -j8 -f &quot;/autofs/netapp/travail/awolski/M2_S9/SyntImage/tp1/build-sia_td1-Desktop-Défaut/ext_build/lib3ds/src/Makefile&quot;  VERBOSE=1 clean"/>
					<DistClean command="/usr/bin/make -j8 -f &quot;/autofs/netapp/travail/awolski/M2_S9/SyntImage/tp1/build-sia_td1-Desktop-Défaut/ext_build/lib3ds/src/Makefile&quot;  VERBOSE=1 clean"/>
				</MakeCommands>
			</Target>
			<Target title="lib3ds/fast">
				<Option output="/autofs/netapp/travail/awolski/M2_S9/SyntImage/tp1/build-sia_td1-Desktop-Défaut/ext_build/lib3ds/src/liblib3ds.a" prefix_auto="0" extension_auto="0"/>
				<Option working_dir="/autofs/netapp/travail/awolski/M2_S9/SyntImage/tp1/build-sia_td1-Desktop-Défaut/ext_build/lib3ds/src"/>
				<Option object_output="./"/>
				<Option type="2"/>
				<Option compiler="gcc"/>
				<Compiler>
					<Add directory="/usr/include/c++/6"/>
					<Add directory="/usr/include/x86_64-linux-gnu/c++/6"/>
					<Add directory="/usr/include/c++/6/backward"/>
					<Add directory="/usr/lib/gcc/x86_64-linux-gnu/6/include"/>
					<Add directory="/usr/local/include"/>
					<Add directory="/usr/lib/gcc/x86_64-linux-gnu/6/include-fixed"/>
					<Add directory="/usr/include/x86_64-linux-gnu"/>
					<Add directory="/usr/include"/>
				</Compiler>
				<MakeCommands>
					<Build command="/usr/bin/make -j8 -f &quot;/autofs/netapp/travail/awolski/M2_S9/SyntImage/tp1/build-sia_td1-Desktop-Défaut/ext_build/lib3ds/src/Makefile&quot;  VERBOSE=1 lib3ds/fast"/>
					<CompileFile command="/usr/bin/make -j8 -f &quot;/autofs/netapp/travail/awolski/M2_S9/SyntImage/tp1/build-sia_td1-Desktop-Défaut/ext_build/lib3ds/src/Makefile&quot;  VERBOSE=1 &quot;$file&quot;"/>
					<Clean command="/usr/bin/make -j8 -f &quot;/autofs/netapp/travail/awolski/M2_S9/SyntImage/tp1/build-sia_td1-Desktop-Défaut/ext_build/lib3ds/src/Makefile&quot;  VERBOSE=1 clean"/>
					<DistClean command="/usr/bin/make -j8 -f &quot;/autofs/netapp/travail/awolski/M2_S9/SyntImage/tp1/build-sia_td1-Desktop-Défaut/ext_build/lib3ds/src/Makefile&quot;  VERBOSE=1 clean"/>
				</MakeCommands>
			</Target>
		</Build>
		<Unit filename="/net/cremi/awolski/espaces/travail/M2_S9/SyntImage/tp1/sia_td1/ext/lib3ds/src/lib3ds.h">
			<Option target="lib3ds"/>
		</Unit>
		<Unit filename="/net/cremi/awolski/espaces/travail/M2_S9/SyntImage/tp1/sia_td1/ext/lib3ds/src/lib3ds.rc">
			<Option target="lib3ds"/>
		</Unit>
		<Unit filename="/net/cremi/awolski/espaces/travail/M2_S9/SyntImage/tp1/sia_td1/ext/lib3ds/src/lib3ds_atmosphere.c">
			<Option target="lib3ds"/>
		</Unit>
		<Unit filename="/net/cremi/awolski/espaces/travail/M2_S9/SyntImage/tp1/sia_td1/ext/lib3ds/src/lib3ds_background.c">
			<Option target="lib3ds"/>
		</Unit>
		<Unit filename="/net/cremi/awolski/espaces/travail/M2_S9/SyntImage/tp1/sia_td1/ext/lib3ds/src/lib3ds_camera.c">
			<Option target="lib3ds"/>
		</Unit>
		<Unit filename="/net/cremi/awolski/espaces/travail/M2_S9/SyntImage/tp1/sia_td1/ext/lib3ds/src/lib3ds_chunk.c">
			<Option target="lib3ds"/>
		</Unit>
		<Unit filename="/net/cremi/awolski/espaces/travail/M2_S9/SyntImage/tp1/sia_td1/ext/lib3ds/src/lib3ds_chunktable.c">
			<Option target="lib3ds"/>
		</Unit>
		<Unit filename="/net/cremi/awolski/espaces/travail/M2_S9/SyntImage/tp1/sia_td1/ext/lib3ds/src/lib3ds_file.c">
			<Option target="lib3ds"/>
		</Unit>
		<Unit filename="/net/cremi/awolski/espaces/travail/M2_S9/SyntImage/tp1/sia_td1/ext/lib3ds/src/lib3ds_impl.h">
			<Option target="lib3ds"/>
		</Unit>
		<Unit filename="/net/cremi/awolski/espaces/travail/M2_S9/SyntImage/tp1/sia_td1/ext/lib3ds/src/lib3ds_io.c">
			<Option target="lib3ds"/>
		</Unit>
		<Unit filename="/net/cremi/awolski/espaces/travail/M2_S9/SyntImage/tp1/sia_td1/ext/lib3ds/src/lib3ds_light.c">
			<Option target="lib3ds"/>
		</Unit>
		<Unit filename="/net/cremi/awolski/espaces/travail/M2_S9/SyntImage/tp1/sia_td1/ext/lib3ds/src/lib3ds_material.c">
			<Option target="lib3ds"/>
		</Unit>
		<Unit filename="/net/cremi/awolski/espaces/travail/M2_S9/SyntImage/tp1/sia_td1/ext/lib3ds/src/lib3ds_math.c">
			<Option target="lib3ds"/>
		</Unit>
		<Unit filename="/net/cremi/awolski/espaces/travail/M2_S9/SyntImage/tp1/sia_td1/ext/lib3ds/src/lib3ds_matrix.c">
			<Option target="lib3ds"/>
		</Unit>
		<Unit filename="/net/cremi/awolski/espaces/travail/M2_S9/SyntImage/tp1/sia_td1/ext/lib3ds/src/lib3ds_mesh.c">
			<Option target="lib3ds"/>
		</Unit>
		<Unit filename="/net/cremi/awolski/espaces/travail/M2_S9/SyntImage/tp1/sia_td1/ext/lib3ds/src/lib3ds_node.c">
			<Option target="lib3ds"/>
		</Unit>
		<Unit filename="/net/cremi/awolski/espaces/travail/M2_S9/SyntImage/tp1/sia_td1/ext/lib3ds/src/lib3ds_quat.c">
			<Option target="lib3ds"/>
		</Unit>
		<Unit filename="/net/cremi/awolski/espaces/travail/M2_S9/SyntImage/tp1/sia_td1/ext/lib3ds/src/lib3ds_shadow.c">
			<Option target="lib3ds"/>
		</Unit>
		<Unit filename="/net/cremi/awolski/espaces/travail/M2_S9/SyntImage/tp1/sia_td1/ext/lib3ds/src/lib3ds_track.c">
			<Option target="lib3ds"/>
		</Unit>
		<Unit filename="/net/cremi/awolski/espaces/travail/M2_S9/SyntImage/tp1/sia_td1/ext/lib3ds/src/lib3ds_util.c">
			<Option target="lib3ds"/>
		</Unit>
		<Unit filename="/net/cremi/awolski/espaces/travail/M2_S9/SyntImage/tp1/sia_td1/ext/lib3ds/src/lib3ds_vector.c">
			<Option target="lib3ds"/>
		</Unit>
		<Unit filename="/net/cremi/awolski/espaces/travail/M2_S9/SyntImage/tp1/sia_td1/ext/lib3ds/src/lib3ds_viewport.c">
			<Option target="lib3ds"/>
		</Unit>
		<Unit filename="/net/cremi/awolski/espaces/travail/M2_S9/SyntImage/tp1/sia_td1/CMakeLists.txt">
			<Option virtualFolder="CMake Files\"/>
		</Unit>
		<Unit filename="/net/cremi/awolski/espaces/travail/M2_S9/SyntImage/tp1/sia_td1/ext/CMakeLists.txt">
			<Option virtualFolder="CMake Files\ext\"/>
		</Unit>
		<Unit filename="/net/cremi/awolski/espaces/travail/M2_S9/SyntImage/tp1/sia_td1/ext/nanogui/CMakeLists.txt">
			<Option virtualFolder="CMake Files\ext\nanogui\"/>
		</Unit>
		<Unit filename="/net/cremi/awolski/espaces/travail/M2_S9/SyntImage/tp1/sia_td1/ext/nanogui/CMakeLists.txt">
			<Option virtualFolder="CMake Files\ext\nanogui\"/>
		</Unit>
		<Unit filename="/net/cremi/awolski/espaces/travail/M2_S9/SyntImage/tp1/sia_td1/ext/nanogui/ext/glfw/CMakeLists.txt">
			<Option virtualFolder="CMake Files\ext\nanogui\ext\glfw\"/>
		</Unit>
		<Unit filename="/net/cremi/awolski/espaces/travail/M2_S9/SyntImage/tp1/sia_td1/ext/nanogui/ext/glfw/CMakeLists.txt">
			<Option virtualFolder="CMake Files\ext\nanogui\ext\glfw\"/>
		</Unit>
		<Unit filename="/net/cremi/awolski/espaces/travail/M2_S9/SyntImage/tp1/sia_td1/ext/nanogui/ext/glfw/CMakeLists.txt">
			<Option virtualFolder="CMake Files\ext\nanogui\ext\glfw\"/>
		</Unit>
		<Unit filename="/net/cremi/awolski/espaces/travail/M2_S9/SyntImage/tp1/sia_td1/ext/nanogui/ext/glfw/CMake/modules/FindVulkan.cmake">
			<Option virtualFolder="CMake Files\ext\nanogui\ext\glfw\CMake\modules\"/>
		</Unit>
		<Unit filename="/net/cremi/awolski/espaces/travail/M2_S9/SyntImage/tp1/sia_td1/ext/nanogui/ext/glfw/CMake/modules/FindVulkan.cmake">
			<Option virtualFolder="CMake Files\ext\nanogui\ext\glfw\CMake\modules\"/>
		</Unit>
		<Unit filename="/net/cremi/awolski/espaces/travail/M2_S9/SyntImage/tp1/sia_td1/ext/nanogui/ext/glfw/CMake/modules/FindVulkan.cmake">
			<Option virtualFolder="CMake Files\ext\nanogui\ext\glfw\CMake\modules\"/>
		</Unit>
		<Unit filename="/net/cremi/awolski/espaces/travail/M2_S9/SyntImage/tp1/sia_td1/ext/nanogui/ext/glfw/src/glfw3Config.cmake.in">
			<Option virtualFolder="CMake Files\ext\nanogui\ext\glfw\src\"/>
		</Unit>
		<Unit filename="/net/cremi/awolski/espaces/travail/M2_S9/SyntImage/tp1/sia_td1/ext/nanogui/ext/glfw/src/glfw_config.h.in">
			<Option virtualFolder="CMake Files\ext\nanogui\ext\glfw\src\"/>
		</Unit>
		<Unit filename="/net/cremi/awolski/espaces/travail/M2_S9/SyntImage/tp1/sia_td1/ext/nanogui/ext/glfw/src/glfw3.pc.in">
			<Option virtualFolder="CMake Files\ext\nanogui\ext\glfw\src\"/>
		</Unit>
		<Unit filename="/net/cremi/awolski/espaces/travail/M2_S9/SyntImage/tp1/sia_td1/ext/nanogui/ext/glfw/src/CMakeLists.txt">
			<Option virtualFolder="CMake Files\ext\nanogui\ext\glfw\src\"/>
		</Unit>
		<Unit filename="/net/cremi/awolski/espaces/travail/M2_S9/SyntImage/tp1/sia_td1/ext/nanogui/ext/glfw/src/glfw3Config.cmake.in">
			<Option virtualFolder="CMake Files\ext\nanogui\ext\glfw\src\"/>
		</Unit>
		<Unit filename="/net/cremi/awolski/espaces/travail/M2_S9/SyntImage/tp1/sia_td1/ext/nanogui/ext/glfw/src/glfw_config.h.in">
			<Option virtualFolder="CMake Files\ext\nanogui\ext\glfw\src\"/>
		</Unit>
		<Unit filename="/net/cremi/awolski/espaces/travail/M2_S9/SyntImage/tp1/sia_td1/ext/nanogui/ext/glfw/src/glfw3.pc.in">
			<Option virtualFolder="CMake Files\ext\nanogui\ext\glfw\src\"/>
		</Unit>
		<Unit filename="/net/cremi/awolski/espaces/travail/M2_S9/SyntImage/tp1/sia_td1/ext/nanogui/ext/glfw/src/CMakeLists.txt">
			<Option virtualFolder="CMake Files\ext\nanogui\ext\glfw\src\"/>
		</Unit>
		<Unit filename="/net/cremi/awolski/espaces/travail/M2_S9/SyntImage/tp1/sia_td1/ext/nanogui/ext/glfw/src/glfw3Config.cmake.in">
			<Option virtualFolder="CMake Files\ext\nanogui\ext\glfw\src\"/>
		</Unit>
		<Unit filename="/net/cremi/awolski/espaces/travail/M2_S9/SyntImage/tp1/sia_td1/ext/nanogui/ext/glfw/src/glfw_config.h.in">
			<Option virtualFolder="CMake Files\ext\nanogui\ext\glfw\src\"/>
		</Unit>
		<Unit filename="/net/cremi/awolski/espaces/travail/M2_S9/SyntImage/tp1/sia_td1/ext/nanogui/ext/glfw/src/glfw3.pc.in">
			<Option virtualFolder="CMake Files\ext\nanogui\ext\glfw\src\"/>
		</Unit>
		<Unit filename="/net/cremi/awolski/espaces/travail/M2_S9/SyntImage/tp1/sia_td1/ext/nanogui/ext/glfw/src/CMakeLists.txt">
			<Option virtualFolder="CMake Files\ext\nanogui\ext\glfw\src\"/>
		</Unit>
		<Unit filename="/net/cremi/awolski/espaces/travail/M2_S9/SyntImage/tp1/sia_td1/ext/lib3ds/CMakeLists.txt">
			<Option virtualFolder="CMake Files\ext\lib3ds\"/>
		</Unit>
		<Unit filename="/net/cremi/awolski/espaces/travail/M2_S9/SyntImage/tp1/sia_td1/ext/lib3ds/CMakeLists.txt">
			<Option virtualFolder="CMake Files\ext\lib3ds\"/>
		</Unit>
		<Unit filename="/net/cremi/awolski/espaces/travail/M2_S9/SyntImage/tp1/sia_td1/ext/lib3ds/src/CMakeLists.txt">
			<Option virtualFolder="CMake Files\ext\lib3ds\src\"/>
		</Unit>
		<Unit filename="/net/cremi/awolski/espaces/travail/M2_S9/SyntImage/tp1/sia_td1/ext/lib3ds/src/CMakeLists.txt">
			<Option virtualFolder="CMake Files\ext\lib3ds\src\"/>
		</Unit>
		<Unit filename="/net/cremi/awolski/espaces/travail/M2_S9/SyntImage/tp1/sia_td1/ext/lodepng/CMakeLists.txt">
			<Option virtualFolder="CMake Files\ext\lodepng\"/>
		</Unit>
		<Unit filename="/net/cremi/awolski/espaces/travail/M2_S9/SyntImage/tp1/sia_td1/ext/lodepng/CMakeLists.txt">
			<Option virtualFolder="CMake Files\ext\lodepng\"/>
		</Unit>
		<Unit filename="/net/cremi/awolski/espaces/travail/M2_S9/SyntImage/tp1/sia_td1/ext/tinyobjloader/CMakeLists.txt">
			<Option virtualFolder="CMake Files\ext\tinyobjloader\"/>
		</Unit>
		<Unit filename="/net/cremi/awolski/espaces/travail/M2_S9/SyntImage/tp1/sia_td1/ext/tinyobjloader/tinyobjloader-config.cmake.in">
			<Option virtualFolder="CMake Files\ext\tinyobjloader\"/>
		</Unit>
		<Unit filename="/net/cremi/awolski/espaces/travail/M2_S9/SyntImage/tp1/sia_td1/ext/tinyobjloader/tinyobjloader.pc.in">
			<Option virtualFolder="CMake Files\ext\tinyobjloader\"/>
		</Unit>
		<Unit filename="/net/cremi/awolski/espaces/travail/M2_S9/SyntImage/tp1/sia_td1/ext/tinyobjloader/CMakeLists.txt">
			<Option virtualFolder="CMake Files\ext\tinyobjloader\"/>
		</Unit>
		<Unit filename="/net/cremi/awolski/espaces/travail/M2_S9/SyntImage/tp1/sia_td1/ext/tinyobjloader/tinyobjloader-config.cmake.in">
			<Option virtualFolder="CMake Files\ext\tinyobjloader\"/>
		</Unit>
		<Unit filename="/net/cremi/awolski/espaces/travail/M2_S9/SyntImage/tp1/sia_td1/ext/tinyobjloader/tinyobjloader.pc.in">
			<Option virtualFolder="CMake Files\ext\tinyobjloader\"/>
		</Unit>
	</Project>
</CodeBlocks_project_file>
